
Microsoft Visual Studio Solution File, Format Version 12.00
# Visual Studio 15
VisualStudioVersion = 15.0.27004.2006
MinimumVisualStudioVersion = 10.0.40219.1
Project("{FAE04EC0-301F-11D3-BF4B-00C04F79EFBC}") = "LinqToSQLMvcApplication", "LinqToSQLMvcApplication\LinqToSQLMvcApplication.csproj", "{6D37256E-973E-4555-88FB-05C7FC735A4B}"
EndProject
Global
	GlobalSection(SolutionConfigurationPlatforms) = preSolution
		Debug|Any CPU = Debug|Any CPU
		Release|Any CPU = Release|Any CPU
	EndGlobalSection
	GlobalSection(ProjectConfigurationPlatforms) = postSolution
		{6D37256E-973E-4555-88FB-05C7FC735A4B}.Debug|Any CPU.ActiveCfg = Debug|Any CPU
		{6D37256E-973E-4555-88FB-05C7FC735A4B}.Debug|Any CPU.Build.0 = Debug|Any CPU
		{6D37256E-973E-4555-88FB-05C7FC735A4B}.Release|Any CPU.ActiveCfg = Release|Any CPU
		{6D37256E-973E-4555-88FB-05C7FC735A4B}.Release|Any CPU.Build.0 = Release|Any CPU
	EndGlobalSection
	GlobalSection(SolutionProperties) = preSolution
		HideSolutionNode = FALSE
	EndGlobalSection
	GlobalSection(ExtensibilityGlobals) = postSolution
		SolutionGuid = {3D17F98D-A973-4D57-8782-53FB9EB5EA3D}
	EndGlobalSection
EndGlobal
